
Microsoft Visual Studio Solution File, Format Version 12.00
# Visual Studio Version 17
VisualStudioVersion = 17.8.34408.163
MinimumVisualStudioVersion = 10.0.40219.1
Project("{FAE04EC0-301F-11D3-BF4B-00C04F79EFBC}") = "Mission2", "Mission2.csproj", "{B5266E4A-963D-40C8-BCD5-B101325C1BD7}"
EndProject
Global
	GlobalSection(SolutionConfigurationPlatforms) = preSolution
		Debug|Any CPU = Debug|Any CPU
		Release|Any CPU = Release|Any CPU
	EndGlobalSection
	GlobalSection(ProjectConfigurationPlatforms) = postSolution
		{B5266E4A-963D-40C8-BCD5-B101325C1BD7}.Debug|Any CPU.ActiveCfg = Debug|Any CPU
		{B5266E4A-963D-40C8-BCD5-B101325C1BD7}.Debug|Any CPU.Build.0 = Debug|Any CPU
		{B5266E4A-963D-40C8-BCD5-B101325C1BD7}.Release|Any CPU.ActiveCfg = Release|Any CPU
		{B5266E4A-963D-40C8-BCD5-B101325C1BD7}.Release|Any CPU.Build.0 = Release|Any CPU
	EndGlobalSection
	GlobalSection(SolutionProperties) = preSolution
		HideSolutionNode = FALSE
	EndGlobalSection
	GlobalSection(ExtensibilityGlobals) = postSolution
		SolutionGuid = {8FF600B8-936F-4A14-A981-25A51BC0B601}
	EndGlobalSection
EndGlobal
